// !$*UTF8*$!
{
	archiveVersion = 1;
	classes = {
	};
	objectVersion = 55;
	objects = {

/* Begin PBXBuildFile section */
		027D9FB76B807E0779A26C23 /* Pods_EnNewApp.framework in Frameworks */ = {isa = PBXBuildFile; fileRef = 2B998FC83F6194261619E531 /* Pods_EnNewApp.framework */; };
		AF405E5E2867F52A00332F65 /* PrivateLessonApplyViewController.swift in Sources */ = {isa = PBXBuildFile; fileRef = AF405E5D2867F52A00332F65 /* PrivateLessonApplyViewController.swift */; };
		AF405E612867F99D00332F65 /* NewsViewController.swift in Sources */ = {isa = PBXBuildFile; fileRef = AF405E602867F99D00332F65 /* NewsViewController.swift */; };
		AF49339B283726130023CC43 /* AppDelegate.swift in Sources */ = {isa = PBXBuildFile; fileRef = AF49339A283726130023CC43 /* AppDelegate.swift */; };
		AF49339D283726130023CC43 /* SceneDelegate.swift in Sources */ = {isa = PBXBuildFile; fileRef = AF49339C283726130023CC43 /* SceneDelegate.swift */; };
		AF49339F283726130023CC43 /* SettingValue.swift in Sources */ = {isa = PBXBuildFile; fileRef = AF49339E283726130023CC43 /* SettingValue.swift */; };
		AF4933A2283726130023CC43 /* Main.storyboard in Resources */ = {isa = PBXBuildFile; fileRef = AF4933A0283726130023CC43 /* Main.storyboard */; };
		AF4933A4283726150023CC43 /* Assets.xcassets in Resources */ = {isa = PBXBuildFile; fileRef = AF4933A3283726150023CC43 /* Assets.xcassets */; };
		AF4933A7283726150023CC43 /* LaunchScreen.storyboard in Resources */ = {isa = PBXBuildFile; fileRef = AF4933A5283726150023CC43 /* LaunchScreen.storyboard */; };
		AF4933B2283726150023CC43 /* EnNewAppTests.swift in Sources */ = {isa = PBXBuildFile; fileRef = AF4933B1283726150023CC43 /* EnNewAppTests.swift */; };
		AF4933BC283726150023CC43 /* EnNewAppUITests.swift in Sources */ = {isa = PBXBuildFile; fileRef = AF4933BB283726150023CC43 /* EnNewAppUITests.swift */; };
		AF4933BE283726150023CC43 /* EnNewAppUITestsLaunchTests.swift in Sources */ = {isa = PBXBuildFile; fileRef = AF4933BD283726150023CC43 /* EnNewAppUITestsLaunchTests.swift */; };
		AF4933CD28376F730023CC43 /* MemberRegistViewController.swift in Sources */ = {isa = PBXBuildFile; fileRef = AF4933CB28376F730023CC43 /* MemberRegistViewController.swift */; };
		AF4933CE28376F730023CC43 /* MemberAuthViewController.swift in Sources */ = {isa = PBXBuildFile; fileRef = AF4933CC28376F730023CC43 /* MemberAuthViewController.swift */; };
		AF4933D9283770160023CC43 /* RootHome1ViewController.swift in Sources */ = {isa = PBXBuildFile; fileRef = AF4933D0283770150023CC43 /* RootHome1ViewController.swift */; };
		AF4933DA283770160023CC43 /* RootHome0ViewController.swift in Sources */ = {isa = PBXBuildFile; fileRef = AF4933D1283770150023CC43 /* RootHome0ViewController.swift */; };
		AF4933DB283770160023CC43 /* ApplyUserRuleViewController.swift in Sources */ = {isa = PBXBuildFile; fileRef = AF4933D3283770160023CC43 /* ApplyUserRuleViewController.swift */; };
		AF4933DC283770160023CC43 /* PurchasePlan1ViewController.swift in Sources */ = {isa = PBXBuildFile; fileRef = AF4933D4283770160023CC43 /* PurchasePlan1ViewController.swift */; };
		AF4933DD283770160023CC43 /* CoachingPlan0ViewController.swift in Sources */ = {isa = PBXBuildFile; fileRef = AF4933D5283770160023CC43 /* CoachingPlan0ViewController.swift */; };
		AF4933DE283770160023CC43 /* CoachingPlan2ViewController.swift in Sources */ = {isa = PBXBuildFile; fileRef = AF4933D6283770160023CC43 /* CoachingPlan2ViewController.swift */; };
		AF4933DF283770160023CC43 /* ApplyRootTopViewController.swift in Sources */ = {isa = PBXBuildFile; fileRef = AF4933D7283770160023CC43 /* ApplyRootTopViewController.swift */; };
		AF4933E0283770160023CC43 /* ApplyTopViewController.swift in Sources */ = {isa = PBXBuildFile; fileRef = AF4933D8283770160023CC43 /* ApplyTopViewController.swift */; };
		AF4933EC2837702A0023CC43 /* ProfileEditViewController.swift in Sources */ = {isa = PBXBuildFile; fileRef = AF4933E32837702A0023CC43 /* ProfileEditViewController.swift */; };
		AF4933EF2837702A0023CC43 /* MyPageViewController.swift in Sources */ = {isa = PBXBuildFile; fileRef = AF4933E62837702A0023CC43 /* MyPageViewController.swift */; };
		AF4933FD2837703C0023CC43 /* RatingViewController.xib in Resources */ = {isa = PBXBuildFile; fileRef = AF4933F52837703C0023CC43 /* RatingViewController.xib */; };
		AF4933FE2837703C0023CC43 /* ResultViewController.swift in Sources */ = {isa = PBXBuildFile; fileRef = AF4933F62837703C0023CC43 /* ResultViewController.swift */; };
		AF4933FF2837703C0023CC43 /* PostListTableViewCell.swift in Sources */ = {isa = PBXBuildFile; fileRef = AF4933F72837703C0023CC43 /* PostListTableViewCell.swift */; };
		AF4934002837703C0023CC43 /* PostListViewController.swift in Sources */ = {isa = PBXBuildFile; fileRef = AF4933F82837703C0023CC43 /* PostListViewController.swift */; };
		AF4934022837703C0023CC43 /* RatingViewController.swift in Sources */ = {isa = PBXBuildFile; fileRef = AF4933FA2837703C0023CC43 /* RatingViewController.swift */; };
		AF4934032837703C0023CC43 /* SelectedPostListEditViewController.swift in Sources */ = {isa = PBXBuildFile; fileRef = AF4933FB2837703C0023CC43 /* SelectedPostListEditViewController.swift */; };
		AF4934042837703C0023CC43 /* SelectedPostListViewController.swift in Sources */ = {isa = PBXBuildFile; fileRef = AF4933FC2837703C0023CC43 /* SelectedPostListViewController.swift */; };
		AF4934062837D3640023CC43 /* TopViewController.swift in Sources */ = {isa = PBXBuildFile; fileRef = AF4934052837D3640023CC43 /* TopViewController.swift */; };
		AF49340A2837D80D0023CC43 /* User.swift in Sources */ = {isa = PBXBuildFile; fileRef = AF4934092837D80D0023CC43 /* User.swift */; };
		AF49340D2837DD150023CC43 /* Page.swift in Sources */ = {isa = PBXBuildFile; fileRef = AF49340C2837DD150023CC43 /* Page.swift */; };
		AF49340F2837E04D0023CC43 /* Firebase.swift in Sources */ = {isa = PBXBuildFile; fileRef = AF49340E2837E04D0023CC43 /* Firebase.swift */; };
		AF5D3FD328810F0F00AB98C5 /* GoogleService-Info.plist in Resources */ = {isa = PBXBuildFile; fileRef = AF5D3FD228810F0F00AB98C5 /* GoogleService-Info.plist */; };
		AF6AA0C8283B1590000D27CC /* PickerView.swift in Sources */ = {isa = PBXBuildFile; fileRef = AF6AA0C7283B1590000D27CC /* PickerView.swift */; };
		AF6AA0CA283B7662000D27CC /* PostFormViewController.swift in Sources */ = {isa = PBXBuildFile; fileRef = AF6AA0C9283B7662000D27CC /* PostFormViewController.swift */; };
		AF6AA0CC283B885B000D27CC /* TableViewCell.swift in Sources */ = {isa = PBXBuildFile; fileRef = AF6AA0CB283B885B000D27CC /* TableViewCell.swift */; };
		AF6AA0CE283CBF56000D27CC /* YoutubePlay.swift in Sources */ = {isa = PBXBuildFile; fileRef = AF6AA0CD283CBF56000D27CC /* YoutubePlay.swift */; };
		AF6AA0D0283CC2C5000D27CC /* Movie.swift in Sources */ = {isa = PBXBuildFile; fileRef = AF6AA0CF283CC2C5000D27CC /* Movie.swift */; };
		AF6AA0D2283D1336000D27CC /* MyAccountViewController.swift in Sources */ = {isa = PBXBuildFile; fileRef = AF6AA0D1283D1335000D27CC /* MyAccountViewController.swift */; };
		AF6AA0D4283D92BE000D27CC /* Button.swift in Sources */ = {isa = PBXBuildFile; fileRef = AF6AA0D3283D92BE000D27CC /* Button.swift */; };
/* End PBXBuildFile section */

/* Begin PBXContainerItemProxy section */
		AF4933AE283726150023CC43 /* PBXContainerItemProxy */ = {
			isa = PBXContainerItemProxy;
			containerPortal = AF49338F283726130023CC43 /* Project object */;
			proxyType = 1;
			remoteGlobalIDString = AF493396283726130023CC43;
			remoteInfo = EnNewApp;
		};
		AF4933B8283726150023CC43 /* PBXContainerItemProxy */ = {
			isa = PBXContainerItemProxy;
			containerPortal = AF49338F283726130023CC43 /* Project object */;
			proxyType = 1;
			remoteGlobalIDString = AF493396283726130023CC43;
			remoteInfo = EnNewApp;
		};
/* End PBXContainerItemProxy section */

/* Begin PBXFileReference section */
		2B998FC83F6194261619E531 /* Pods_EnNewApp.framework */ = {isa = PBXFileReference; explicitFileType = wrapper.framework; includeInIndex = 0; path = Pods_EnNewApp.framework; sourceTree = BUILT_PRODUCTS_DIR; };
		5C0A178E1F6F8E359D918FAB /* Pods-EnNewApp.debug.xcconfig */ = {isa = PBXFileReference; includeInIndex = 1; lastKnownFileType = text.xcconfig; name = "Pods-EnNewApp.debug.xcconfig"; path = "Target Support Files/Pods-EnNewApp/Pods-EnNewApp.debug.xcconfig"; sourceTree = "<group>"; };
		9D1D39EAF6263814D70CA27E /* Pods-EnNewApp.release.xcconfig */ = {isa = PBXFileReference; includeInIndex = 1; lastKnownFileType = text.xcconfig; name = "Pods-EnNewApp.release.xcconfig"; path = "Target Support Files/Pods-EnNewApp/Pods-EnNewApp.release.xcconfig"; sourceTree = "<group>"; };
		AF405E5D2867F52A00332F65 /* PrivateLessonApplyViewController.swift */ = {isa = PBXFileReference; lastKnownFileType = sourcecode.swift; path = PrivateLessonApplyViewController.swift; sourceTree = "<group>"; };
		AF405E602867F99D00332F65 /* NewsViewController.swift */ = {isa = PBXFileReference; lastKnownFileType = sourcecode.swift; path = NewsViewController.swift; sourceTree = "<group>"; };
		AF493397283726130023CC43 /* EnNewApp.app */ = {isa = PBXFileReference; explicitFileType = wrapper.application; includeInIndex = 0; path = EnNewApp.app; sourceTree = BUILT_PRODUCTS_DIR; };
		AF49339A283726130023CC43 /* AppDelegate.swift */ = {isa = PBXFileReference; lastKnownFileType = sourcecode.swift; path = AppDelegate.swift; sourceTree = "<group>"; };
		AF49339C283726130023CC43 /* SceneDelegate.swift */ = {isa = PBXFileReference; lastKnownFileType = sourcecode.swift; path = SceneDelegate.swift; sourceTree = "<group>"; };
		AF49339E283726130023CC43 /* SettingValue.swift */ = {isa = PBXFileReference; lastKnownFileType = sourcecode.swift; path = SettingValue.swift; sourceTree = "<group>"; };
		AF4933A1283726130023CC43 /* Base */ = {isa = PBXFileReference; lastKnownFileType = file.storyboard; name = Base; path = Base.lproj/Main.storyboard; sourceTree = "<group>"; };
		AF4933A3283726150023CC43 /* Assets.xcassets */ = {isa = PBXFileReference; lastKnownFileType = folder.assetcatalog; path = Assets.xcassets; sourceTree = "<group>"; };
		AF4933A6283726150023CC43 /* Base */ = {isa = PBXFileReference; lastKnownFileType = file.storyboard; name = Base; path = Base.lproj/LaunchScreen.storyboard; sourceTree = "<group>"; };
		AF4933A8283726150023CC43 /* Info.plist */ = {isa = PBXFileReference; lastKnownFileType = text.plist.xml; path = Info.plist; sourceTree = "<group>"; };
		AF4933AD283726150023CC43 /* EnNewAppTests.xctest */ = {isa = PBXFileReference; explicitFileType = wrapper.cfbundle; includeInIndex = 0; path = EnNewAppTests.xctest; sourceTree = BUILT_PRODUCTS_DIR; };
		AF4933B1283726150023CC43 /* EnNewAppTests.swift */ = {isa = PBXFileReference; lastKnownFileType = sourcecode.swift; path = EnNewAppTests.swift; sourceTree = "<group>"; };
		AF4933B7283726150023CC43 /* EnNewAppUITests.xctest */ = {isa = PBXFileReference; explicitFileType = wrapper.cfbundle; includeInIndex = 0; path = EnNewAppUITests.xctest; sourceTree = BUILT_PRODUCTS_DIR; };
		AF4933BB283726150023CC43 /* EnNewAppUITests.swift */ = {isa = PBXFileReference; lastKnownFileType = sourcecode.swift; path = EnNewAppUITests.swift; sourceTree = "<group>"; };
		AF4933BD283726150023CC43 /* EnNewAppUITestsLaunchTests.swift */ = {isa = PBXFileReference; lastKnownFileType = sourcecode.swift; path = EnNewAppUITestsLaunchTests.swift; sourceTree = "<group>"; };
		AF4933CB28376F730023CC43 /* MemberRegistViewController.swift */ = {isa = PBXFileReference; fileEncoding = 4; lastKnownFileType = sourcecode.swift; path = MemberRegistViewController.swift; sourceTree = "<group>"; };
		AF4933CC28376F730023CC43 /* MemberAuthViewController.swift */ = {isa = PBXFileReference; fileEncoding = 4; lastKnownFileType = sourcecode.swift; path = MemberAuthViewController.swift; sourceTree = "<group>"; };
		AF4933D0283770150023CC43 /* RootHome1ViewController.swift */ = {isa = PBXFileReference; fileEncoding = 4; lastKnownFileType = sourcecode.swift; path = RootHome1ViewController.swift; sourceTree = "<group>"; };
		AF4933D1283770150023CC43 /* RootHome0ViewController.swift */ = {isa = PBXFileReference; fileEncoding = 4; lastKnownFileType = sourcecode.swift; path = RootHome0ViewController.swift; sourceTree = "<group>"; };
		AF4933D3283770160023CC43 /* ApplyUserRuleViewController.swift */ = {isa = PBXFileReference; fileEncoding = 4; lastKnownFileType = sourcecode.swift; path = ApplyUserRuleViewController.swift; sourceTree = "<group>"; };
		AF4933D4283770160023CC43 /* PurchasePlan1ViewController.swift */ = {isa = PBXFileReference; fileEncoding = 4; lastKnownFileType = sourcecode.swift; path = PurchasePlan1ViewController.swift; sourceTree = "<group>"; };
		AF4933D5283770160023CC43 /* CoachingPlan0ViewController.swift */ = {isa = PBXFileReference; fileEncoding = 4; lastKnownFileType = sourcecode.swift; path = CoachingPlan0ViewController.swift; sourceTree = "<group>"; };
		AF4933D6283770160023CC43 /* CoachingPlan2ViewController.swift */ = {isa = PBXFileReference; fileEncoding = 4; lastKnownFileType = sourcecode.swift; path = CoachingPlan2ViewController.swift; sourceTree = "<group>"; };
		AF4933D7283770160023CC43 /* ApplyRootTopViewController.swift */ = {isa = PBXFileReference; fileEncoding = 4; lastKnownFileType = sourcecode.swift; path = ApplyRootTopViewController.swift; sourceTree = "<group>"; };
		AF4933D8283770160023CC43 /* ApplyTopViewController.swift */ = {isa = PBXFileReference; fileEncoding = 4; lastKnownFileType = sourcecode.swift; path = ApplyTopViewController.swift; sourceTree = "<group>"; };
		AF4933E32837702A0023CC43 /* ProfileEditViewController.swift */ = {isa = PBXFileReference; fileEncoding = 4; lastKnownFileType = sourcecode.swift; path = ProfileEditViewController.swift; sourceTree = "<group>"; };
		AF4933E62837702A0023CC43 /* MyPageViewController.swift */ = {isa = PBXFileReference; fileEncoding = 4; lastKnownFileType = sourcecode.swift; path = MyPageViewController.swift; sourceTree = "<group>"; };
		AF4933F52837703C0023CC43 /* RatingViewController.xib */ = {isa = PBXFileReference; fileEncoding = 4; lastKnownFileType = file.xib; path = RatingViewController.xib; sourceTree = "<group>"; };
		AF4933F62837703C0023CC43 /* ResultViewController.swift */ = {isa = PBXFileReference; fileEncoding = 4; lastKnownFileType = sourcecode.swift; path = ResultViewController.swift; sourceTree = "<group>"; };
		AF4933F72837703C0023CC43 /* PostListTableViewCell.swift */ = {isa = PBXFileReference; fileEncoding = 4; lastKnownFileType = sourcecode.swift; path = PostListTableViewCell.swift; sourceTree = "<group>"; };
		AF4933F82837703C0023CC43 /* PostListViewController.swift */ = {isa = PBXFileReference; fileEncoding = 4; lastKnownFileType = sourcecode.swift; path = PostListViewController.swift; sourceTree = "<group>"; };
		AF4933FA2837703C0023CC43 /* RatingViewController.swift */ = {isa = PBXFileReference; fileEncoding = 4; lastKnownFileType = sourcecode.swift; path = RatingViewController.swift; sourceTree = "<group>"; };
		AF4933FB2837703C0023CC43 /* SelectedPostListEditViewController.swift */ = {isa = PBXFileReference; fileEncoding = 4; lastKnownFileType = sourcecode.swift; path = SelectedPostListEditViewController.swift; sourceTree = "<group>"; };
		AF4933FC2837703C0023CC43 /* SelectedPostListViewController.swift */ = {isa = PBXFileReference; fileEncoding = 4; lastKnownFileType = sourcecode.swift; path = SelectedPostListViewController.swift; sourceTree = "<group>"; };
		AF4934052837D3640023CC43 /* TopViewController.swift */ = {isa = PBXFileReference; lastKnownFileType = sourcecode.swift; path = TopViewController.swift; sourceTree = "<group>"; };
		AF4934092837D80D0023CC43 /* User.swift */ = {isa = PBXFileReference; lastKnownFileType = sourcecode.swift; path = User.swift; sourceTree = "<group>"; };
		AF49340C2837DD150023CC43 /* Page.swift */ = {isa = PBXFileReference; lastKnownFileType = sourcecode.swift; path = Page.swift; sourceTree = "<group>"; };
		AF49340E2837E04D0023CC43 /* Firebase.swift */ = {isa = PBXFileReference; lastKnownFileType = sourcecode.swift; path = Firebase.swift; sourceTree = "<group>"; };
		AF5D3FD228810F0F00AB98C5 /* GoogleService-Info.plist */ = {isa = PBXFileReference; fileEncoding = 4; lastKnownFileType = text.plist.xml; path = "GoogleService-Info.plist"; sourceTree = "<group>"; };
		AF6AA0C7283B1590000D27CC /* PickerView.swift */ = {isa = PBXFileReference; lastKnownFileType = sourcecode.swift; path = PickerView.swift; sourceTree = "<group>"; };
		AF6AA0C9283B7662000D27CC /* PostFormViewController.swift */ = {isa = PBXFileReference; fileEncoding = 4; lastKnownFileType = sourcecode.swift; path = PostFormViewController.swift; sourceTree = "<group>"; };
		AF6AA0CB283B885B000D27CC /* TableViewCell.swift */ = {isa = PBXFileReference; lastKnownFileType = sourcecode.swift; path = TableViewCell.swift; sourceTree = "<group>"; };
		AF6AA0CD283CBF56000D27CC /* YoutubePlay.swift */ = {isa = PBXFileReference; lastKnownFileType = sourcecode.swift; path = YoutubePlay.swift; sourceTree = "<group>"; };
		AF6AA0CF283CC2C5000D27CC /* Movie.swift */ = {isa = PBXFileReference; lastKnownFileType = sourcecode.swift; path = Movie.swift; sourceTree = "<group>"; };
		AF6AA0D1283D1335000D27CC /* MyAccountViewController.swift */ = {isa = PBXFileReference; lastKnownFileType = sourcecode.swift; path = MyAccountViewController.swift; sourceTree = "<group>"; };
		AF6AA0D3283D92BE000D27CC /* Button.swift */ = {isa = PBXFileReference; lastKnownFileType = sourcecode.swift; path = Button.swift; sourceTree = "<group>"; };
/* End PBXFileReference section */

/* Begin PBXFrameworksBuildPhase section */
		AF493394283726130023CC43 /* Frameworks */ = {
			isa = PBXFrameworksBuildPhase;
			buildActionMask = 2147483647;
			files = (
				027D9FB76B807E0779A26C23 /* Pods_EnNewApp.framework in Frameworks */,
			);
			runOnlyForDeploymentPostprocessing = 0;
		};
		AF4933AA283726150023CC43 /* Frameworks */ = {
			isa = PBXFrameworksBuildPhase;
			buildActionMask = 2147483647;
			files = (
			);
			runOnlyForDeploymentPostprocessing = 0;
		};
		AF4933B4283726150023CC43 /* Frameworks */ = {
			isa = PBXFrameworksBuildPhase;
			buildActionMask = 2147483647;
			files = (
			);
			runOnlyForDeploymentPostprocessing = 0;
		};
/* End PBXFrameworksBuildPhase section */

/* Begin PBXGroup section */
		AF405E5C2867F4F800332F65 /* PrivateLesson */ = {
			isa = PBXGroup;
			children = (
				AF405E5D2867F52A00332F65 /* PrivateLessonApplyViewController.swift */,
			);
			name = PrivateLesson;
			path = ../PrivateLesson;
			sourceTree = "<group>";
		};
		AF405E5F2867F97900332F65 /* News */ = {
			isa = PBXGroup;
			children = (
				AF405E602867F99D00332F65 /* NewsViewController.swift */,
			);
			path = News;
			sourceTree = "<group>";
		};
		AF49338E283726130023CC43 = {
			isa = PBXGroup;
			children = (
				AF493399283726130023CC43 /* EnNewApp */,
				AF4933B0283726150023CC43 /* EnNewAppTests */,
				AF4933BA283726150023CC43 /* EnNewAppUITests */,
				AF493398283726130023CC43 /* Products */,
				AF5D091073BABF79602D9720 /* Pods */,
				C75BBE36FBD2FA5A778F981C /* Frameworks */,
			);
			sourceTree = "<group>";
		};
		AF493398283726130023CC43 /* Products */ = {
			isa = PBXGroup;
			children = (
				AF493397283726130023CC43 /* EnNewApp.app */,
				AF4933AD283726150023CC43 /* EnNewAppTests.xctest */,
				AF4933B7283726150023CC43 /* EnNewAppUITests.xctest */,
			);
			name = Products;
			sourceTree = "<group>";
		};
		AF493399283726130023CC43 /* EnNewApp */ = {
			isa = PBXGroup;
			children = (
				AF49339A283726130023CC43 /* AppDelegate.swift */,
				AF49339C283726130023CC43 /* SceneDelegate.swift */,
				AF4934052837D3640023CC43 /* TopViewController.swift */,
				AF4933A0283726130023CC43 /* Main.storyboard */,
				AF4933A3283726150023CC43 /* Assets.xcassets */,
				AF4933A5283726150023CC43 /* LaunchScreen.storyboard */,
				AF4933A8283726150023CC43 /* Info.plist */,
				AF5D3FD228810F0F00AB98C5 /* GoogleService-Info.plist */,
				AF49340B2837DCE20023CC43 /* Common */,
				AF4933CA28376F730023CC43 /* Auth */,
				AF4933F42837703C0023CC43 /* Post */,
				AF405E5C2867F4F800332F65 /* PrivateLesson */,
				AF405E5F2867F97900332F65 /* News */,
				AF4933E12837702A0023CC43 /* MyPage */,
				AF4933D2283770160023CC43 /* ApplyTop */,
				AF4933CF283770150023CC43 /* RootHome */,
			);
			path = EnNewApp;
			sourceTree = "<group>";
		};
		AF4933B0283726150023CC43 /* EnNewAppTests */ = {
			isa = PBXGroup;
			children = (
				AF4933B1283726150023CC43 /* EnNewAppTests.swift */,
			);
			path = EnNewAppTests;
			sourceTree = "<group>";
		};
		AF4933BA283726150023CC43 /* EnNewAppUITests */ = {
			isa = PBXGroup;
			children = (
				AF4933BB283726150023CC43 /* EnNewAppUITests.swift */,
				AF4933BD283726150023CC43 /* EnNewAppUITestsLaunchTests.swift */,
			);
			path = EnNewAppUITests;
			sourceTree = "<group>";
		};
		AF4933CA28376F730023CC43 /* Auth */ = {
			isa = PBXGroup;
			children = (
				AF4933CB28376F730023CC43 /* MemberRegistViewController.swift */,
				AF4933CC28376F730023CC43 /* MemberAuthViewController.swift */,
			);
			path = Auth;
			sourceTree = "<group>";
		};
		AF4933CF283770150023CC43 /* RootHome */ = {
			isa = PBXGroup;
			children = (
				AF4933D0283770150023CC43 /* RootHome1ViewController.swift */,
				AF4933D1283770150023CC43 /* RootHome0ViewController.swift */,
			);
			path = RootHome;
			sourceTree = "<group>";
		};
		AF4933D2283770160023CC43 /* ApplyTop */ = {
			isa = PBXGroup;
			children = (
				AF4933D3283770160023CC43 /* ApplyUserRuleViewController.swift */,
				AF4933D4283770160023CC43 /* PurchasePlan1ViewController.swift */,
				AF4933D5283770160023CC43 /* CoachingPlan0ViewController.swift */,
				AF4933D6283770160023CC43 /* CoachingPlan2ViewController.swift */,
				AF4933D7283770160023CC43 /* ApplyRootTopViewController.swift */,
				AF4933D8283770160023CC43 /* ApplyTopViewController.swift */,
			);
			path = ApplyTop;
			sourceTree = "<group>";
		};
		AF4933E12837702A0023CC43 /* MyPage */ = {
			isa = PBXGroup;
			children = (
				AF4933E62837702A0023CC43 /* MyPageViewController.swift */,
				AF6AA0D1283D1335000D27CC /* MyAccountViewController.swift */,
				AF4933E32837702A0023CC43 /* ProfileEditViewController.swift */,
			);
			path = MyPage;
			sourceTree = "<group>";
		};
		AF4933F42837703C0023CC43 /* Post */ = {
			isa = PBXGroup;
			children = (
				AF6AA0C9283B7662000D27CC /* PostFormViewController.swift */,
				AF4933F82837703C0023CC43 /* PostListViewController.swift */,
				AF4933FC2837703C0023CC43 /* SelectedPostListViewController.swift */,
				AF4933FB2837703C0023CC43 /* SelectedPostListEditViewController.swift */,
				AF4933F72837703C0023CC43 /* PostListTableViewCell.swift */,
				AF4933F52837703C0023CC43 /* RatingViewController.xib */,
				AF4933FA2837703C0023CC43 /* RatingViewController.swift */,
				AF4933F62837703C0023CC43 /* ResultViewController.swift */,
			);
			path = Post;
			sourceTree = "<group>";
		};
		AF49340B2837DCE20023CC43 /* Common */ = {
			isa = PBXGroup;
			children = (
				AF49339E283726130023CC43 /* SettingValue.swift */,
				AF4934092837D80D0023CC43 /* User.swift */,
				AF49340C2837DD150023CC43 /* Page.swift */,
				AF6AA0C7283B1590000D27CC /* PickerView.swift */,
				AF6AA0CB283B885B000D27CC /* TableViewCell.swift */,
				AF49340E2837E04D0023CC43 /* Firebase.swift */,
				AF6AA0CD283CBF56000D27CC /* YoutubePlay.swift */,
				AF6AA0CF283CC2C5000D27CC /* Movie.swift */,
				AF6AA0D3283D92BE000D27CC /* Button.swift */,
			);
			path = Common;
			sourceTree = "<group>";
		};
		AF5D091073BABF79602D9720 /* Pods */ = {
			isa = PBXGroup;
			children = (
				5C0A178E1F6F8E359D918FAB /* Pods-EnNewApp.debug.xcconfig */,
				9D1D39EAF6263814D70CA27E /* Pods-EnNewApp.release.xcconfig */,
			);
			path = Pods;
			sourceTree = "<group>";
		};
		C75BBE36FBD2FA5A778F981C /* Frameworks */ = {
			isa = PBXGroup;
			children = (
				2B998FC83F6194261619E531 /* Pods_EnNewApp.framework */,
			);
			name = Frameworks;
			sourceTree = "<group>";
		};
/* End PBXGroup section */

/* Begin PBXNativeTarget section */
		AF493396283726130023CC43 /* EnNewApp */ = {
			isa = PBXNativeTarget;
			buildConfigurationList = AF4933C1283726150023CC43 /* Build configuration list for PBXNativeTarget "EnNewApp" */;
			buildPhases = (
				745CA8A435C1D3297807AEAA /* [CP] Check Pods Manifest.lock */,
				AF493393283726130023CC43 /* Sources */,
				AF493394283726130023CC43 /* Frameworks */,
				AF493395283726130023CC43 /* Resources */,
				B36225489B435216D67EB64F /* [CP] Embed Pods Frameworks */,
				FF6F9189E613C1E2C34BD83D /* [CP] Copy Pods Resources */,
			);
			buildRules = (
			);
			dependencies = (
			);
			name = EnNewApp;
			productName = EnNewApp;
			productReference = AF493397283726130023CC43 /* EnNewApp.app */;
			productType = "com.apple.product-type.application";
		};
		AF4933AC283726150023CC43 /* EnNewAppTests */ = {
			isa = PBXNativeTarget;
			buildConfigurationList = AF4933C4283726150023CC43 /* Build configuration list for PBXNativeTarget "EnNewAppTests" */;
			buildPhases = (
				AF4933A9283726150023CC43 /* Sources */,
				AF4933AA283726150023CC43 /* Frameworks */,
				AF4933AB283726150023CC43 /* Resources */,
			);
			buildRules = (
			);
			dependencies = (
				AF4933AF283726150023CC43 /* PBXTargetDependency */,
			);
			name = EnNewAppTests;
			productName = EnNewAppTests;
			productReference = AF4933AD283726150023CC43 /* EnNewAppTests.xctest */;
			productType = "com.apple.product-type.bundle.unit-test";
		};
		AF4933B6283726150023CC43 /* EnNewAppUITests */ = {
			isa = PBXNativeTarget;
			buildConfigurationList = AF4933C7283726150023CC43 /* Build configuration list for PBXNativeTarget "EnNewAppUITests" */;
			buildPhases = (
				AF4933B3283726150023CC43 /* Sources */,
				AF4933B4283726150023CC43 /* Frameworks */,
				AF4933B5283726150023CC43 /* Resources */,
			);
			buildRules = (
			);
			dependencies = (
				AF4933B9283726150023CC43 /* PBXTargetDependency */,
			);
			name = EnNewAppUITests;
			productName = EnNewAppUITests;
			productReference = AF4933B7283726150023CC43 /* EnNewAppUITests.xctest */;
			productType = "com.apple.product-type.bundle.ui-testing";
		};
/* End PBXNativeTarget section */

/* Begin PBXProject section */
		AF49338F283726130023CC43 /* Project object */ = {
			isa = PBXProject;
			attributes = {
				BuildIndependentTargetsInParallel = 1;
				LastSwiftUpdateCheck = 1330;
				LastUpgradeCheck = 1330;
				TargetAttributes = {
					AF493396283726130023CC43 = {
						CreatedOnToolsVersion = 13.3;
					};
					AF4933AC283726150023CC43 = {
						CreatedOnToolsVersion = 13.3;
						TestTargetID = AF493396283726130023CC43;
					};
					AF4933B6283726150023CC43 = {
						CreatedOnToolsVersion = 13.3;
						TestTargetID = AF493396283726130023CC43;
					};
				};
			};
			buildConfigurationList = AF493392283726130023CC43 /* Build configuration list for PBXProject "EnNewApp" */;
			compatibilityVersion = "Xcode 13.0";
			developmentRegion = en;
			hasScannedForEncodings = 0;
			knownRegions = (
				en,
				Base,
			);
			mainGroup = AF49338E283726130023CC43;
			productRefGroup = AF493398283726130023CC43 /* Products */;
			projectDirPath = "";
			projectRoot = "";
			targets = (
				AF493396283726130023CC43 /* EnNewApp */,
				AF4933AC283726150023CC43 /* EnNewAppTests */,
				AF4933B6283726150023CC43 /* EnNewAppUITests */,
			);
		};
/* End PBXProject section */

/* Begin PBXResourcesBuildPhase section */
		AF493395283726130023CC43 /* Resources */ = {
			isa = PBXResourcesBuildPhase;
			buildActionMask = 2147483647;
			files = (
				AF4933A7283726150023CC43 /* LaunchScreen.storyboard in Resources */,
				AF5D3FD328810F0F00AB98C5 /* GoogleService-Info.plist in Resources */,
				AF4933FD2837703C0023CC43 /* RatingViewController.xib in Resources */,
				AF4933A4283726150023CC43 /* Assets.xcassets in Resources */,
				AF4933A2283726130023CC43 /* Main.storyboard in Resources */,
			);
			runOnlyForDeploymentPostprocessing = 0;
		};
		AF4933AB283726150023CC43 /* Resources */ = {
			isa = PBXResourcesBuildPhase;
			buildActionMask = 2147483647;
			files = (
			);
			runOnlyForDeploymentPostprocessing = 0;
		};
		AF4933B5283726150023CC43 /* Resources */ = {
			isa = PBXResourcesBuildPhase;
			buildActionMask = 2147483647;
			files = (
			);
			runOnlyForDeploymentPostprocessing = 0;
		};
/* End PBXResourcesBuildPhase section */

/* Begin PBXShellScriptBuildPhase section */
		745CA8A435C1D3297807AEAA /* [CP] Check Pods Manifest.lock */ = {
			isa = PBXShellScriptBuildPhase;
			buildActionMask = 2147483647;
			files = (
			);
			inputFileListPaths = (
			);
			inputPaths = (
				"${PODS_PODFILE_DIR_PATH}/Podfile.lock",
				"${PODS_ROOT}/Manifest.lock",
			);
			name = "[CP] Check Pods Manifest.lock";
			outputFileListPaths = (
			);
			outputPaths = (
				"$(DERIVED_FILE_DIR)/Pods-EnNewApp-checkManifestLockResult.txt",
			);
			runOnlyForDeploymentPostprocessing = 0;
			shellPath = /bin/sh;
			shellScript = "diff \"${PODS_PODFILE_DIR_PATH}/Podfile.lock\" \"${PODS_ROOT}/Manifest.lock\" > /dev/null\nif [ $? != 0 ] ; then\n    # print error to STDERR\n    echo \"error: The sandbox is not in sync with the Podfile.lock. Run 'pod install' or update your CocoaPods installation.\" >&2\n    exit 1\nfi\n# This output is used by Xcode 'outputs' to avoid re-running this script phase.\necho \"SUCCESS\" > \"${SCRIPT_OUTPUT_FILE_0}\"\n";
			showEnvVarsInLog = 0;
		};
		B36225489B435216D67EB64F /* [CP] Embed Pods Frameworks */ = {
			isa = PBXShellScriptBuildPhase;
			buildActionMask = 2147483647;
			files = (
			);
			inputFileListPaths = (
				"${PODS_ROOT}/Target Support Files/Pods-EnNewApp/Pods-EnNewApp-frameworks-${CONFIGURATION}-input-files.xcfilelist",
			);
			name = "[CP] Embed Pods Frameworks";
			outputFileListPaths = (
				"${PODS_ROOT}/Target Support Files/Pods-EnNewApp/Pods-EnNewApp-frameworks-${CONFIGURATION}-output-files.xcfilelist",
			);
			runOnlyForDeploymentPostprocessing = 0;
			shellPath = /bin/sh;
			shellScript = "\"${PODS_ROOT}/Target Support Files/Pods-EnNewApp/Pods-EnNewApp-frameworks.sh\"\n";
			showEnvVarsInLog = 0;
		};
		FF6F9189E613C1E2C34BD83D /* [CP] Copy Pods Resources */ = {
			isa = PBXShellScriptBuildPhase;
			buildActionMask = 2147483647;
			files = (
			);
			inputFileListPaths = (
				"${PODS_ROOT}/Target Support Files/Pods-EnNewApp/Pods-EnNewApp-resources-${CONFIGURATION}-input-files.xcfilelist",
			);
			name = "[CP] Copy Pods Resources";
			outputFileListPaths = (
				"${PODS_ROOT}/Target Support Files/Pods-EnNewApp/Pods-EnNewApp-resources-${CONFIGURATION}-output-files.xcfilelist",
			);
			runOnlyForDeploymentPostprocessing = 0;
			shellPath = /bin/sh;
			shellScript = "\"${PODS_ROOT}/Target Support Files/Pods-EnNewApp/Pods-EnNewApp-resources.sh\"\n";
			showEnvVarsInLog = 0;
		};
/* End PBXShellScriptBuildPhase section */

/* Begin PBXSourcesBuildPhase section */
		AF493393283726130023CC43 /* Sources */ = {
			isa = PBXSourcesBuildPhase;
			buildActionMask = 2147483647;
			files = (
				AF4933DD283770160023CC43 /* CoachingPlan0ViewController.swift in Sources */,
				AF4933EC2837702A0023CC43 /* ProfileEditViewController.swift in Sources */,
				AF4933DB283770160023CC43 /* ApplyUserRuleViewController.swift in Sources */,
				AF6AA0D4283D92BE000D27CC /* Button.swift in Sources */,
				AF4934002837703C0023CC43 /* PostListViewController.swift in Sources */,
				AF4933CE28376F730023CC43 /* MemberAuthViewController.swift in Sources */,
				AF4933EF2837702A0023CC43 /* MyPageViewController.swift in Sources */,
				AF4933DC283770160023CC43 /* PurchasePlan1ViewController.swift in Sources */,
				AF4933FE2837703C0023CC43 /* ResultViewController.swift in Sources */,
				AF6AA0C8283B1590000D27CC /* PickerView.swift in Sources */,
				AF49340D2837DD150023CC43 /* Page.swift in Sources */,
				AF49340A2837D80D0023CC43 /* User.swift in Sources */,
				AF4933CD28376F730023CC43 /* MemberRegistViewController.swift in Sources */,
				AF49340F2837E04D0023CC43 /* Firebase.swift in Sources */,
				AF4933DE283770160023CC43 /* CoachingPlan2ViewController.swift in Sources */,
				AF6AA0D0283CC2C5000D27CC /* Movie.swift in Sources */,
				AF4933DF283770160023CC43 /* ApplyRootTopViewController.swift in Sources */,
				AF4934042837703C0023CC43 /* SelectedPostListViewController.swift in Sources */,
				AF4933E0283770160023CC43 /* ApplyTopViewController.swift in Sources */,
				AF6AA0CA283B7662000D27CC /* PostFormViewController.swift in Sources */,
				AF6AA0D2283D1336000D27CC /* MyAccountViewController.swift in Sources */,
				AF49339F283726130023CC43 /* SettingValue.swift in Sources */,
				AF6AA0CE283CBF56000D27CC /* YoutubePlay.swift in Sources */,
				AF4933DA283770160023CC43 /* RootHome0ViewController.swift in Sources */,
				AF49339B283726130023CC43 /* AppDelegate.swift in Sources */,
				AF4933FF2837703C0023CC43 /* PostListTableViewCell.swift in Sources */,
				AF4934062837D3640023CC43 /* TopViewController.swift in Sources */,
				AF49339D283726130023CC43 /* SceneDelegate.swift in Sources */,
				AF4934032837703C0023CC43 /* SelectedPostListEditViewController.swift in Sources */,
				AF405E612867F99D00332F65 /* NewsViewController.swift in Sources */,
				AF6AA0CC283B885B000D27CC /* TableViewCell.swift in Sources */,
				AF405E5E2867F52A00332F65 /* PrivateLessonApplyViewController.swift in Sources */,
				AF4934022837703C0023CC43 /* RatingViewController.swift in Sources */,
				AF4933D9283770160023CC43 /* RootHome1ViewController.swift in Sources */,
			);
			runOnlyForDeploymentPostprocessing = 0;
		};
		AF4933A9283726150023CC43 /* Sources */ = {
			isa = PBXSourcesBuildPhase;
			buildActionMask = 2147483647;
			files = (
				AF4933B2283726150023CC43 /* EnNewAppTests.swift in Sources */,
			);
			runOnlyForDeploymentPostprocessing = 0;
		};
		AF4933B3283726150023CC43 /* Sources */ = {
			isa = PBXSourcesBuildPhase;
			buildActionMask = 2147483647;
			files = (
				AF4933BE283726150023CC43 /* EnNewAppUITestsLaunchTests.swift in Sources */,
				AF4933BC283726150023CC43 /* EnNewAppUITests.swift in Sources */,
			);
			runOnlyForDeploymentPostprocessing = 0;
		};
/* End PBXSourcesBuildPhase section */

/* Begin PBXTargetDependency section */
		AF4933AF283726150023CC43 /* PBXTargetDependency */ = {
			isa = PBXTargetDependency;
			target = AF493396283726130023CC43 /* EnNewApp */;
			targetProxy = AF4933AE283726150023CC43 /* PBXContainerItemProxy */;
		};
		AF4933B9283726150023CC43 /* PBXTargetDependency */ = {
			isa = PBXTargetDependency;
			target = AF493396283726130023CC43 /* EnNewApp */;
			targetProxy = AF4933B8283726150023CC43 /* PBXContainerItemProxy */;
		};
/* End PBXTargetDependency section */

/* Begin PBXVariantGroup section */
		AF4933A0283726130023CC43 /* Main.storyboard */ = {
			isa = PBXVariantGroup;
			children = (
				AF4933A1283726130023CC43 /* Base */,
			);
			name = Main.storyboard;
			sourceTree = "<group>";
		};
		AF4933A5283726150023CC43 /* LaunchScreen.storyboard */ = {
			isa = PBXVariantGroup;
			children = (
				AF4933A6283726150023CC43 /* Base */,
			);
			name = LaunchScreen.storyboard;
			sourceTree = "<group>";
		};
/* End PBXVariantGroup section */

/* Begin XCBuildConfiguration section */
		AF4933BF283726150023CC43 /* Debug */ = {
			isa = XCBuildConfiguration;
			buildSettings = {
				ALWAYS_SEARCH_USER_PATHS = NO;
				CLANG_ANALYZER_NONNULL = YES;
				CLANG_ANALYZER_NUMBER_OBJECT_CONVERSION = YES_AGGRESSIVE;
				CLANG_CXX_LANGUAGE_STANDARD = "gnu++17";
				CLANG_ENABLE_MODULES = YES;
				CLANG_ENABLE_OBJC_ARC = YES;
				CLANG_ENABLE_OBJC_WEAK = YES;
				CLANG_WARN_BLOCK_CAPTURE_AUTORELEASING = YES;
				CLANG_WARN_BOOL_CONVERSION = YES;
				CLANG_WARN_COMMA = YES;
				CLANG_WARN_CONSTANT_CONVERSION = YES;
				CLANG_WARN_DEPRECATED_OBJC_IMPLEMENTATIONS = YES;
				CLANG_WARN_DIRECT_OBJC_ISA_USAGE = YES_ERROR;
				CLANG_WARN_DOCUMENTATION_COMMENTS = YES;
				CLANG_WARN_EMPTY_BODY = YES;
				CLANG_WARN_ENUM_CONVERSION = YES;
				CLANG_WARN_INFINITE_RECURSION = YES;
				CLANG_WARN_INT_CONVERSION = YES;
				CLANG_WARN_NON_LITERAL_NULL_CONVERSION = YES;
				CLANG_WARN_OBJC_IMPLICIT_RETAIN_SELF = YES;
				CLANG_WARN_OBJC_LITERAL_CONVERSION = YES;
				CLANG_WARN_OBJC_ROOT_CLASS = YES_ERROR;
				CLANG_WARN_QUOTED_INCLUDE_IN_FRAMEWORK_HEADER = YES;
				CLANG_WARN_RANGE_LOOP_ANALYSIS = YES;
				CLANG_WARN_STRICT_PROTOTYPES = YES;
				CLANG_WARN_SUSPICIOUS_MOVE = YES;
				CLANG_WARN_UNGUARDED_AVAILABILITY = YES_AGGRESSIVE;
				CLANG_WARN_UNREACHABLE_CODE = YES;
				CLANG_WARN__DUPLICATE_METHOD_MATCH = YES;
				COPY_PHASE_STRIP = NO;
				DEBUG_INFORMATION_FORMAT = dwarf;
				ENABLE_STRICT_OBJC_MSGSEND = YES;
				ENABLE_TESTABILITY = YES;
				GCC_C_LANGUAGE_STANDARD = gnu11;
				GCC_DYNAMIC_NO_PIC = NO;
				GCC_NO_COMMON_BLOCKS = YES;
				GCC_OPTIMIZATION_LEVEL = 0;
				GCC_PREPROCESSOR_DEFINITIONS = (
					"DEBUG=1",
					"$(inherited)",
				);
				GCC_WARN_64_TO_32_BIT_CONVERSION = YES;
				GCC_WARN_ABOUT_RETURN_TYPE = YES_ERROR;
				GCC_WARN_UNDECLARED_SELECTOR = YES;
				GCC_WARN_UNINITIALIZED_AUTOS = YES_AGGRESSIVE;
				GCC_WARN_UNUSED_FUNCTION = YES;
				GCC_WARN_UNUSED_VARIABLE = YES;
				IPHONEOS_DEPLOYMENT_TARGET = 15.4;
				MTL_ENABLE_DEBUG_INFO = INCLUDE_SOURCE;
				MTL_FAST_MATH = YES;
				ONLY_ACTIVE_ARCH = YES;
				SDKROOT = iphoneos;
				SWIFT_ACTIVE_COMPILATION_CONDITIONS = DEBUG;
				SWIFT_OPTIMIZATION_LEVEL = "-Onone";
			};
			name = Debug;
		};
		AF4933C0283726150023CC43 /* Release */ = {
			isa = XCBuildConfiguration;
			buildSettings = {
				ALWAYS_SEARCH_USER_PATHS = NO;
				CLANG_ANALYZER_NONNULL = YES;
				CLANG_ANALYZER_NUMBER_OBJECT_CONVERSION = YES_AGGRESSIVE;
				CLANG_CXX_LANGUAGE_STANDARD = "gnu++17";
				CLANG_ENABLE_MODULES = YES;
				CLANG_ENABLE_OBJC_ARC = YES;
				CLANG_ENABLE_OBJC_WEAK = YES;
				CLANG_WARN_BLOCK_CAPTURE_AUTORELEASING = YES;
				CLANG_WARN_BOOL_CONVERSION = YES;
				CLANG_WARN_COMMA = YES;
				CLANG_WARN_CONSTANT_CONVERSION = YES;
				CLANG_WARN_DEPRECATED_OBJC_IMPLEMENTATIONS = YES;
				CLANG_WARN_DIRECT_OBJC_ISA_USAGE = YES_ERROR;
				CLANG_WARN_DOCUMENTATION_COMMENTS = YES;
				CLANG_WARN_EMPTY_BODY = YES;
				CLANG_WARN_ENUM_CONVERSION = YES;
				CLANG_WARN_INFINITE_RECURSION = YES;
				CLANG_WARN_INT_CONVERSION = YES;
				CLANG_WARN_NON_LITERAL_NULL_CONVERSION = YES;
				CLANG_WARN_OBJC_IMPLICIT_RETAIN_SELF = YES;
				CLANG_WARN_OBJC_LITERAL_CONVERSION = YES;
				CLANG_WARN_OBJC_ROOT_CLASS = YES_ERROR;
				CLANG_WARN_QUOTED_INCLUDE_IN_FRAMEWORK_HEADER = YES;
				CLANG_WARN_RANGE_LOOP_ANALYSIS = YES;
				CLANG_WARN_STRICT_PROTOTYPES = YES;
				CLANG_WARN_SUSPICIOUS_MOVE = YES;
				CLANG_WARN_UNGUARDED_AVAILABILITY = YES_AGGRESSIVE;
				CLANG_WARN_UNREACHABLE_CODE = YES;
				CLANG_WARN__DUPLICATE_METHOD_MATCH = YES;
				COPY_PHASE_STRIP = NO;
				DEBUG_INFORMATION_FORMAT = "dwarf-with-dsym";
				ENABLE_NS_ASSERTIONS = NO;
				ENABLE_STRICT_OBJC_MSGSEND = YES;
				GCC_C_LANGUAGE_STANDARD = gnu11;
				GCC_NO_COMMON_BLOCKS = YES;
				GCC_WARN_64_TO_32_BIT_CONVERSION = YES;
				GCC_WARN_ABOUT_RETURN_TYPE = YES_ERROR;
				GCC_WARN_UNDECLARED_SELECTOR = YES;
				GCC_WARN_UNINITIALIZED_AUTOS = YES_AGGRESSIVE;
				GCC_WARN_UNUSED_FUNCTION = YES;
				GCC_WARN_UNUSED_VARIABLE = YES;
				IPHONEOS_DEPLOYMENT_TARGET = 15.4;
				MTL_ENABLE_DEBUG_INFO = NO;
				MTL_FAST_MATH = YES;
				SDKROOT = iphoneos;
				SWIFT_COMPILATION_MODE = wholemodule;
				SWIFT_OPTIMIZATION_LEVEL = "-O";
				VALIDATE_PRODUCT = YES;
			};
			name = Release;
		};
		AF4933C2283726150023CC43 /* Debug */ = {
			isa = XCBuildConfiguration;
			baseConfigurationReference = 5C0A178E1F6F8E359D918FAB /* Pods-EnNewApp.debug.xcconfig */;
			buildSettings = {
				ASSETCATALOG_COMPILER_APPICON_NAME = AppIcon;
				ASSETCATALOG_COMPILER_GLOBAL_ACCENT_COLOR_NAME = AccentColor;
				CODE_SIGN_IDENTITY = "iPhone Distribution";
				CODE_SIGN_STYLE = Manual;
				CURRENT_PROJECT_VERSION = 4;
				DEVELOPMENT_TEAM = UV2U89362H;
				GENERATE_INFOPLIST_FILE = YES;
				INFOPLIST_FILE = EnNewApp/Info.plist;
				INFOPLIST_KEY_CFBundleDisplayName = "Fre-Jave";
				INFOPLIST_KEY_NSPhotoLibraryUsageDescription = "配信する動画素材をアップロードします。";
				INFOPLIST_KEY_UIApplicationSupportsIndirectInputEvents = YES;
				INFOPLIST_KEY_UILaunchStoryboardName = LaunchScreen;
				INFOPLIST_KEY_UIMainStoryboardFile = Main;
				INFOPLIST_KEY_UISupportedInterfaceOrientations = UIInterfaceOrientationPortrait;
				INFOPLIST_KEY_UISupportedInterfaceOrientations_iPad = "UIInterfaceOrientationPortrait UIInterfaceOrientationPortraitUpsideDown UIInterfaceOrientationLandscapeLeft UIInterfaceOrientationLandscapeRight";
				INFOPLIST_KEY_UISupportedInterfaceOrientations_iPhone = "UIInterfaceOrientationPortrait UIInterfaceOrientationLandscapeLeft UIInterfaceOrientationLandscapeRight";
				INFOPLIST_KEY_UIUserInterfaceStyle = Light;
				LD_RUNPATH_SEARCH_PATHS = (
					"$(inherited)",
					"@executable_path/Frameworks",
				);
				MARKETING_VERSION = 1.0.0;
				PRODUCT_BUNDLE_IDENTIFIER = "com.Fre-Jave";
				PRODUCT_NAME = "$(TARGET_NAME)";
				PROVISIONING_PROFILE_SPECIFIER = "Fre-Jave_prod_20220705";
				SWIFT_EMIT_LOC_STRINGS = YES;
				SWIFT_VERSION = 5.0;
				TARGETED_DEVICE_FAMILY = "1,2";
			};
			name = Debug;
		};
		AF4933C3283726150023CC43 /* Release */ = {
			isa = XCBuildConfiguration;
			baseConfigurationReference = 9D1D39EAF6263814D70CA27E /* Pods-EnNewApp.release.xcconfig */;
			buildSettings = {
				ASSETCATALOG_COMPILER_APPICON_NAME = AppIcon;
				ASSETCATALOG_COMPILER_GLOBAL_ACCENT_COLOR_NAME = AccentColor;
				CODE_SIGN_IDENTITY = "iPhone Distribution";
				CODE_SIGN_STYLE = Manual;
				CURRENT_PROJECT_VERSION = 4;
				DEVELOPMENT_TEAM = UV2U89362H;
				GENERATE_INFOPLIST_FILE = YES;
				INFOPLIST_FILE = EnNewApp/Info.plist;
				INFOPLIST_KEY_CFBundleDisplayName = "Fre-Jave";
				INFOPLIST_KEY_NSPhotoLibraryUsageDescription = "配信する動画素材をアップロードします。";
				INFOPLIST_KEY_UIApplicationSupportsIndirectInputEvents = YES;
				INFOPLIST_KEY_UILaunchStoryboardName = LaunchScreen;
				INFOPLIST_KEY_UIMainStoryboardFile = Main;
				INFOPLIST_KEY_UISupportedInterfaceOrientations = UIInterfaceOrientationPortrait;
				INFOPLIST_KEY_UISupportedInterfaceOrientations_iPad = "UIInterfaceOrientationPortrait UIInterfaceOrientationPortraitUpsideDown UIInterfaceOrientationLandscapeLeft UIInterfaceOrientationLandscapeRight";
				INFOPLIST_KEY_UISupportedInterfaceOrientations_iPhone = "UIInterfaceOrientationPortrait UIInterfaceOrientationLandscapeLeft UIInterfaceOrientationLandscapeRight";
				INFOPLIST_KEY_UIUserInterfaceStyle = Light;
				LD_RUNPATH_SEARCH_PATHS = (
					"$(inherited)",
					"@executable_path/Frameworks",
				);
				MARKETING_VERSION = 1.0.0;
				PRODUCT_BUNDLE_IDENTIFIER = "com.Fre-Jave";
				PRODUCT_NAME = "$(TARGET_NAME)";
				PROVISIONING_PROFILE_SPECIFIER = "Fre-Jave_prod_20220705";
				SWIFT_EMIT_LOC_STRINGS = YES;
				SWIFT_VERSION = 5.0;
				TARGETED_DEVICE_FAMILY = "1,2";
			};
			name = Release;
		};
		AF4933C5283726150023CC43 /* Debug */ = {
			isa = XCBuildConfiguration;
			buildSettings = {
				ALWAYS_EMBED_SWIFT_STANDARD_LIBRARIES = YES;
				BUNDLE_LOADER = "$(TEST_HOST)";
				CODE_SIGN_STYLE = Automatic;
				CURRENT_PROJECT_VERSION = 1;
				DEVELOPMENT_TEAM = UV2U89362H;
				GENERATE_INFOPLIST_FILE = YES;
				IPHONEOS_DEPLOYMENT_TARGET = 15.4;
				MARKETING_VERSION = 1.0;
				PRODUCT_BUNDLE_IDENTIFIER = runstech.EnNewAppTests;
				PRODUCT_NAME = "$(TARGET_NAME)";
				SWIFT_EMIT_LOC_STRINGS = NO;
				SWIFT_VERSION = 5.0;
				TARGETED_DEVICE_FAMILY = "1,2";
				TEST_HOST = "$(BUILT_PRODUCTS_DIR)/EnNewApp.app/EnNewApp";
			};
			name = Debug;
		};
		AF4933C6283726150023CC43 /* Release */ = {
			isa = XCBuildConfiguration;
			buildSettings = {
				ALWAYS_EMBED_SWIFT_STANDARD_LIBRARIES = YES;
				BUNDLE_LOADER = "$(TEST_HOST)";
				CODE_SIGN_STYLE = Automatic;
				CURRENT_PROJECT_VERSION = 1;
				DEVELOPMENT_TEAM = UV2U89362H;
				GENERATE_INFOPLIST_FILE = YES;
				IPHONEOS_DEPLOYMENT_TARGET = 15.4;
				MARKETING_VERSION = 1.0;
				PRODUCT_BUNDLE_IDENTIFIER = runstech.EnNewAppTests;
				PRODUCT_NAME = "$(TARGET_NAME)";
				SWIFT_EMIT_LOC_STRINGS = NO;
				SWIFT_VERSION = 5.0;
				TARGETED_DEVICE_FAMILY = "1,2";
				TEST_HOST = "$(BUILT_PRODUCTS_DIR)/EnNewApp.app/EnNewApp";
			};
			name = Release;
		};
		AF4933C8283726150023CC43 /* Debug */ = {
			isa = XCBuildConfiguration;
			buildSettings = {
				ALWAYS_EMBED_SWIFT_STANDARD_LIBRARIES = YES;
				CODE_SIGN_STYLE = Automatic;
				CURRENT_PROJECT_VERSION = 1;
				DEVELOPMENT_TEAM = UV2U89362H;
				GENERATE_INFOPLIST_FILE = YES;
				MARKETING_VERSION = 1.0;
				PRODUCT_BUNDLE_IDENTIFIER = runstech.EnNewAppUITests;
				PRODUCT_NAME = "$(TARGET_NAME)";
				SWIFT_EMIT_LOC_STRINGS = NO;
				SWIFT_VERSION = 5.0;
				TARGETED_DEVICE_FAMILY = "1,2";
				TEST_TARGET_NAME = EnNewApp;
			};
			name = Debug;
		};
		AF4933C9283726150023CC43 /* Release */ = {
			isa = XCBuildConfiguration;
			buildSettings = {
				ALWAYS_EMBED_SWIFT_STANDARD_LIBRARIES = YES;
				CODE_SIGN_STYLE = Automatic;
				CURRENT_PROJECT_VERSION = 1;
				DEVELOPMENT_TEAM = UV2U89362H;
				GENERATE_INFOPLIST_FILE = YES;
				MARKETING_VERSION = 1.0;
				PRODUCT_BUNDLE_IDENTIFIER = runstech.EnNewAppUITests;
				PRODUCT_NAME = "$(TARGET_NAME)";
				SWIFT_EMIT_LOC_STRINGS = NO;
				SWIFT_VERSION = 5.0;
				TARGETED_DEVICE_FAMILY = "1,2";
				TEST_TARGET_NAME = EnNewApp;
			};
			name = Release;
		};
/* End XCBuildConfiguration section */

/* Begin XCConfigurationList section */
		AF493392283726130023CC43 /* Build configuration list for PBXProject "EnNewApp" */ = {
			isa = XCConfigurationList;
			buildConfigurations = (
				AF4933BF283726150023CC43 /* Debug */,
				AF4933C0283726150023CC43 /* Release */,
			);
			defaultConfigurationIsVisible = 0;
			defaultConfigurationName = Release;
		};
		AF4933C1283726150023CC43 /* Build configuration list for PBXNativeTarget "EnNewApp" */ = {
			isa = XCConfigurationList;
			buildConfigurations = (
				AF4933C2283726150023CC43 /* Debug */,
				AF4933C3283726150023CC43 /* Release */,
			);
			defaultConfigurationIsVisible = 0;
			defaultConfigurationName = Release;
		};
		AF4933C4283726150023CC43 /* Build configuration list for PBXNativeTarget "EnNewAppTests" */ = {
			isa = XCConfigurationList;
			buildConfigurations = (
				AF4933C5283726150023CC43 /* Debug */,
				AF4933C6283726150023CC43 /* Release */,
			);
			defaultConfigurationIsVisible = 0;
			defaultConfigurationName = Release;
		};
		AF4933C7283726150023CC43 /* Build configuration list for PBXNativeTarget "EnNewAppUITests" */ = {
			isa = XCConfigurationList;
			buildConfigurations = (
				AF4933C8283726150023CC43 /* Debug */,
				AF4933C9283726150023CC43 /* Release */,
			);
			defaultConfigurationIsVisible = 0;
			defaultConfigurationName = Release;
		};
/* End XCConfigurationList section */
	};
	rootObject = AF49338F283726130023CC43 /* Project object */;
}
